// !$*UTF8*$!
{
	archiveVersion = 1;
	classes = {
	};
	objectVersion = 46;
	objects = {

/* Begin PBXBuildFile section */
		773500042FAC43F78E823822 /* libPods.a in Frameworks */ = {isa = PBXBuildFile; fileRef = 6CC4742CD7E74B6786BDF984 /* libPods.a */; };
		7CC94FDA16CC50FE009A9204 /* main.m in Sources */ = {isa = PBXBuildFile; fileRef = 7CD70F0A16CBFA3400B927FC /* main.m */; };
		7CC94FDB16CC50FE009A9204 /* AppDelegate.m in Sources */ = {isa = PBXBuildFile; fileRef = 7CD70F0E16CBFA3400B927FC /* AppDelegate.m */; };
		7CC94FDC16CC50FE009A9204 /* BaseController.m in Sources */ = {isa = PBXBuildFile; fileRef = 7CD70F1B16CBFB3800B927FC /* BaseController.m */; };
		7CC94FDD16CC50FE009A9204 /* BaseView.m in Sources */ = {isa = PBXBuildFile; fileRef = 7CD70F1E16CBFC4200B927FC /* BaseView.m */; };
		7CC94FDF16CC50FE009A9204 /* QuartzCore.framework in Frameworks */ = {isa = PBXBuildFile; fileRef = 7CD70F2016CC044A00B927FC /* QuartzCore.framework */; };
		7CC94FE016CC50FE009A9204 /* UIKit.framework in Frameworks */ = {isa = PBXBuildFile; fileRef = 7CD70EE816CBEEB800B927FC /* UIKit.framework */; };
		7CC94FE116CC50FE009A9204 /* Foundation.framework in Frameworks */ = {isa = PBXBuildFile; fileRef = 7CD70EEA16CBEEB800B927FC /* Foundation.framework */; };
		7CC94FE216CC50FE009A9204 /* CoreGraphics.framework in Frameworks */ = {isa = PBXBuildFile; fileRef = 7CD70F0216CBFA3400B927FC /* CoreGraphics.framework */; };
		7CC94FE416CC50FE009A9204 /* InfoPlist.strings in Resources */ = {isa = PBXBuildFile; fileRef = 7CD70F0716CBFA3400B927FC /* InfoPlist.strings */; };
		7CC94FE516CC50FE009A9204 /* Default.png in Resources */ = {isa = PBXBuildFile; fileRef = 7CD70F1016CBFA3400B927FC /* Default.png */; };
		7CC94FE616CC50FE009A9204 /* Default@2x.png in Resources */ = {isa = PBXBuildFile; fileRef = 7CD70F1216CBFA3400B927FC /* Default@2x.png */; };
		7CC94FE716CC50FE009A9204 /* Default-568h@2x.png in Resources */ = {isa = PBXBuildFile; fileRef = 7CD70F1416CBFA3400B927FC /* Default-568h@2x.png */; };
		7CC94FF016CC529F009A9204 /* UpcaseTestController.m in Sources */ = {isa = PBXBuildFile; fileRef = 7CC94FEF16CC529F009A9204 /* UpcaseTestController.m */; };
		7CC94FF316CD2150009A9204 /* KIFTestScenario+UpcaseTest.m in Sources */ = {isa = PBXBuildFile; fileRef = 7CC94FF216CD2150009A9204 /* KIFTestScenario+UpcaseTest.m */; };
		7CC94FF716CD287B009A9204 /* KIFTestStep+VerifyText.m in Sources */ = {isa = PBXBuildFile; fileRef = 7CC94FF516CD287B009A9204 /* KIFTestStep+VerifyText.m */; };
		7CD70EE716CBEEB800B927FC /* SenTestingKit.framework in Frameworks */ = {isa = PBXBuildFile; fileRef = 7CD70EE616CBEEB800B927FC /* SenTestingKit.framework */; };
		7CD70EE916CBEEB800B927FC /* UIKit.framework in Frameworks */ = {isa = PBXBuildFile; fileRef = 7CD70EE816CBEEB800B927FC /* UIKit.framework */; };
		7CD70EEB16CBEEB800B927FC /* Foundation.framework in Frameworks */ = {isa = PBXBuildFile; fileRef = 7CD70EEA16CBEEB800B927FC /* Foundation.framework */; };
		7CD70EF116CBEEB800B927FC /* InfoPlist.strings in Resources */ = {isa = PBXBuildFile; fileRef = 7CD70EEF16CBEEB800B927FC /* InfoPlist.strings */; };
		7CD70EF416CBEEB800B927FC /* NSArrayFuncussionTest.m in Sources */ = {isa = PBXBuildFile; fileRef = 7CD70EF316CBEEB800B927FC /* NSArrayFuncussionTest.m */; };
		7CD70EFA16CBEFF200B927FC /* NSArray+Funcussion.m in Sources */ = {isa = PBXBuildFile; fileRef = 7CD70EC016CAD09200B927FC /* NSArray+Funcussion.m */; };
		7CD70F0016CBFA3400B927FC /* UIKit.framework in Frameworks */ = {isa = PBXBuildFile; fileRef = 7CD70EE816CBEEB800B927FC /* UIKit.framework */; };
		7CD70F0116CBFA3400B927FC /* Foundation.framework in Frameworks */ = {isa = PBXBuildFile; fileRef = 7CD70EEA16CBEEB800B927FC /* Foundation.framework */; };
		7CD70F0316CBFA3400B927FC /* CoreGraphics.framework in Frameworks */ = {isa = PBXBuildFile; fileRef = 7CD70F0216CBFA3400B927FC /* CoreGraphics.framework */; };
		7CD70F0916CBFA3400B927FC /* InfoPlist.strings in Resources */ = {isa = PBXBuildFile; fileRef = 7CD70F0716CBFA3400B927FC /* InfoPlist.strings */; };
		7CD70F0B16CBFA3400B927FC /* main.m in Sources */ = {isa = PBXBuildFile; fileRef = 7CD70F0A16CBFA3400B927FC /* main.m */; };
		7CD70F0F16CBFA3400B927FC /* AppDelegate.m in Sources */ = {isa = PBXBuildFile; fileRef = 7CD70F0E16CBFA3400B927FC /* AppDelegate.m */; };
		7CD70F1116CBFA3400B927FC /* Default.png in Resources */ = {isa = PBXBuildFile; fileRef = 7CD70F1016CBFA3400B927FC /* Default.png */; };
		7CD70F1316CBFA3400B927FC /* Default@2x.png in Resources */ = {isa = PBXBuildFile; fileRef = 7CD70F1216CBFA3400B927FC /* Default@2x.png */; };
		7CD70F1516CBFA3400B927FC /* Default-568h@2x.png in Resources */ = {isa = PBXBuildFile; fileRef = 7CD70F1416CBFA3400B927FC /* Default-568h@2x.png */; };
		7CD70F1C16CBFB3900B927FC /* BaseController.m in Sources */ = {isa = PBXBuildFile; fileRef = 7CD70F1B16CBFB3800B927FC /* BaseController.m */; };
		7CD70F1F16CBFC4200B927FC /* BaseView.m in Sources */ = {isa = PBXBuildFile; fileRef = 7CD70F1E16CBFC4200B927FC /* BaseView.m */; };
		7CD70F2116CC044A00B927FC /* QuartzCore.framework in Frameworks */ = {isa = PBXBuildFile; fileRef = 7CD70F2016CC044A00B927FC /* QuartzCore.framework */; };
		7CD70F4A16CC18FF00B927FC /* NSDictionary+Funcussion.m in Sources */ = {isa = PBXBuildFile; fileRef = 7CD70F4916CC18FF00B927FC /* NSDictionary+Funcussion.m */; };
		7CD70F4E16CC1BEA00B927FC /* NSDictionary+FuncussionTest.m in Sources */ = {isa = PBXBuildFile; fileRef = 7CD70F4B16CC1A2300B927FC /* NSDictionary+FuncussionTest.m */; };
		806356280BAC4A38919D4AAF /* libPods-integration.a in Frameworks */ = {isa = PBXBuildFile; fileRef = 6320C9B4194E4FEFBD67C5E0 /* libPods-integration.a */; };
/* End PBXBuildFile section */

/* Begin PBXFileReference section */
		2D9FFF0134AA4656838A5BD2 /* Pods.xcconfig */ = {isa = PBXFileReference; includeInIndex = 1; lastKnownFileType = text.xcconfig; name = Pods.xcconfig; path = Pods/Pods.xcconfig; sourceTree = SOURCE_ROOT; };
		6320C9B4194E4FEFBD67C5E0 /* libPods-integration.a */ = {isa = PBXFileReference; explicitFileType = archive.ar; includeInIndex = 0; path = "libPods-integration.a"; sourceTree = BUILT_PRODUCTS_DIR; };
		6CC4742CD7E74B6786BDF984 /* libPods.a */ = {isa = PBXFileReference; explicitFileType = archive.ar; includeInIndex = 0; path = libPods.a; sourceTree = BUILT_PRODUCTS_DIR; };
		7CC94FEB16CC50FE009A9204 /* RopeADope (integration).app */ = {isa = PBXFileReference; explicitFileType = wrapper.application; includeInIndex = 0; path = "RopeADope (integration).app"; sourceTree = BUILT_PRODUCTS_DIR; };
		7CC94FEC16CC50FE009A9204 /* RopeADope-Integration-Tests-Info.plist */ = {isa = PBXFileReference; lastKnownFileType = text.plist.xml; name = "RopeADope-Integration-Tests-Info.plist"; path = "/Users/voxdolo/dev/ios_bdd_beatdown/RopeADope-Integration-Tests-Info.plist"; sourceTree = "<absolute>"; };
		7CC94FEE16CC529F009A9204 /* UpcaseTestController.h */ = {isa = PBXFileReference; fileEncoding = 4; lastKnownFileType = sourcecode.c.h; path = UpcaseTestController.h; sourceTree = "<group>"; };
		7CC94FEF16CC529F009A9204 /* UpcaseTestController.m */ = {isa = PBXFileReference; fileEncoding = 4; lastKnownFileType = sourcecode.c.objc; path = UpcaseTestController.m; sourceTree = "<group>"; };
		7CC94FF116CD2150009A9204 /* KIFTestScenario+UpcaseTest.h */ = {isa = PBXFileReference; fileEncoding = 4; lastKnownFileType = sourcecode.c.h; path = "KIFTestScenario+UpcaseTest.h"; sourceTree = "<group>"; };
		7CC94FF216CD2150009A9204 /* KIFTestScenario+UpcaseTest.m */ = {isa = PBXFileReference; fileEncoding = 4; lastKnownFileType = sourcecode.c.objc; path = "KIFTestScenario+UpcaseTest.m"; sourceTree = "<group>"; };
		7CC94FF416CD287B009A9204 /* KIFTestStep+VerifyText.h */ = {isa = PBXFileReference; fileEncoding = 4; lastKnownFileType = sourcecode.c.h; path = "KIFTestStep+VerifyText.h"; sourceTree = "<group>"; };
		7CC94FF516CD287B009A9204 /* KIFTestStep+VerifyText.m */ = {isa = PBXFileReference; fileEncoding = 4; lastKnownFileType = sourcecode.c.objc; path = "KIFTestStep+VerifyText.m"; sourceTree = "<group>"; };
		7CD70EBF16CAD09200B927FC /* NSArray+Funcussion.h */ = {isa = PBXFileReference; lastKnownFileType = sourcecode.c.h; path = "NSArray+Funcussion.h"; sourceTree = "<group>"; };
		7CD70EC016CAD09200B927FC /* NSArray+Funcussion.m */ = {isa = PBXFileReference; lastKnownFileType = sourcecode.c.objc; path = "NSArray+Funcussion.m"; sourceTree = "<group>"; };
		7CD70EE416CBEEB800B927FC /* test.octest */ = {isa = PBXFileReference; explicitFileType = wrapper.cfbundle; includeInIndex = 0; path = test.octest; sourceTree = BUILT_PRODUCTS_DIR; };
		7CD70EE616CBEEB800B927FC /* SenTestingKit.framework */ = {isa = PBXFileReference; lastKnownFileType = wrapper.framework; name = SenTestingKit.framework; path = Library/Frameworks/SenTestingKit.framework; sourceTree = DEVELOPER_DIR; };
		7CD70EE816CBEEB800B927FC /* UIKit.framework */ = {isa = PBXFileReference; lastKnownFileType = wrapper.framework; name = UIKit.framework; path = Library/Frameworks/UIKit.framework; sourceTree = DEVELOPER_DIR; };
		7CD70EEA16CBEEB800B927FC /* Foundation.framework */ = {isa = PBXFileReference; lastKnownFileType = wrapper.framework; name = Foundation.framework; path = Library/Frameworks/Foundation.framework; sourceTree = DEVELOPER_DIR; };
		7CD70EEE16CBEEB800B927FC /* test-Info.plist */ = {isa = PBXFileReference; lastKnownFileType = text.plist.xml; path = "test-Info.plist"; sourceTree = "<group>"; };
		7CD70EF016CBEEB800B927FC /* en */ = {isa = PBXFileReference; lastKnownFileType = text.plist.strings; name = en; path = en.lproj/InfoPlist.strings; sourceTree = "<group>"; };
		7CD70EF316CBEEB800B927FC /* NSArrayFuncussionTest.m */ = {isa = PBXFileReference; lastKnownFileType = sourcecode.c.objc; path = NSArrayFuncussionTest.m; sourceTree = "<group>"; };
		7CD70EF516CBEEB800B927FC /* test-Prefix.pch */ = {isa = PBXFileReference; lastKnownFileType = sourcecode.c.h; path = "test-Prefix.pch"; sourceTree = "<group>"; };
		7CD70EFF16CBFA3400B927FC /* RopeADope.app */ = {isa = PBXFileReference; explicitFileType = wrapper.application; includeInIndex = 0; path = RopeADope.app; sourceTree = BUILT_PRODUCTS_DIR; };
		7CD70F0216CBFA3400B927FC /* CoreGraphics.framework */ = {isa = PBXFileReference; lastKnownFileType = wrapper.framework; name = CoreGraphics.framework; path = System/Library/Frameworks/CoreGraphics.framework; sourceTree = SDKROOT; };
		7CD70F0616CBFA3400B927FC /* RopeADope-Info.plist */ = {isa = PBXFileReference; lastKnownFileType = text.plist.xml; path = "RopeADope-Info.plist"; sourceTree = "<group>"; };
		7CD70F0816CBFA3400B927FC /* en */ = {isa = PBXFileReference; lastKnownFileType = text.plist.strings; name = en; path = en.lproj/InfoPlist.strings; sourceTree = "<group>"; };
		7CD70F0A16CBFA3400B927FC /* main.m */ = {isa = PBXFileReference; lastKnownFileType = sourcecode.c.objc; path = main.m; sourceTree = "<group>"; };
		7CD70F0C16CBFA3400B927FC /* RopeADope-Prefix.pch */ = {isa = PBXFileReference; lastKnownFileType = sourcecode.c.h; path = "RopeADope-Prefix.pch"; sourceTree = "<group>"; };
		7CD70F0D16CBFA3400B927FC /* AppDelegate.h */ = {isa = PBXFileReference; lastKnownFileType = sourcecode.c.h; path = AppDelegate.h; sourceTree = "<group>"; };
		7CD70F0E16CBFA3400B927FC /* AppDelegate.m */ = {isa = PBXFileReference; lastKnownFileType = sourcecode.c.objc; path = AppDelegate.m; sourceTree = "<group>"; };
		7CD70F1016CBFA3400B927FC /* Default.png */ = {isa = PBXFileReference; lastKnownFileType = image.png; path = Default.png; sourceTree = "<group>"; };
		7CD70F1216CBFA3400B927FC /* Default@2x.png */ = {isa = PBXFileReference; lastKnownFileType = image.png; path = "Default@2x.png"; sourceTree = "<group>"; };
		7CD70F1416CBFA3400B927FC /* Default-568h@2x.png */ = {isa = PBXFileReference; lastKnownFileType = image.png; path = "Default-568h@2x.png"; sourceTree = "<group>"; };
		7CD70F1A16CBFB3800B927FC /* BaseController.h */ = {isa = PBXFileReference; fileEncoding = 4; lastKnownFileType = sourcecode.c.h; path = BaseController.h; sourceTree = "<group>"; };
		7CD70F1B16CBFB3800B927FC /* BaseController.m */ = {isa = PBXFileReference; fileEncoding = 4; lastKnownFileType = sourcecode.c.objc; path = BaseController.m; sourceTree = "<group>"; };
		7CD70F1D16CBFC4200B927FC /* BaseView.h */ = {isa = PBXFileReference; fileEncoding = 4; lastKnownFileType = sourcecode.c.h; path = BaseView.h; sourceTree = "<group>"; };
		7CD70F1E16CBFC4200B927FC /* BaseView.m */ = {isa = PBXFileReference; fileEncoding = 4; lastKnownFileType = sourcecode.c.objc; path = BaseView.m; sourceTree = "<group>"; };
		7CD70F2016CC044A00B927FC /* QuartzCore.framework */ = {isa = PBXFileReference; lastKnownFileType = wrapper.framework; name = QuartzCore.framework; path = Platforms/iPhoneOS.platform/Developer/SDKs/iPhoneOS6.1.sdk/System/Library/Frameworks/QuartzCore.framework; sourceTree = DEVELOPER_DIR; };
		7CD70F4816CC18FF00B927FC /* NSDictionary+Funcussion.h */ = {isa = PBXFileReference; fileEncoding = 4; lastKnownFileType = sourcecode.c.h; path = "NSDictionary+Funcussion.h"; sourceTree = "<group>"; };
		7CD70F4916CC18FF00B927FC /* NSDictionary+Funcussion.m */ = {isa = PBXFileReference; fileEncoding = 4; lastKnownFileType = sourcecode.c.objc; path = "NSDictionary+Funcussion.m"; sourceTree = "<group>"; };
		7CD70F4B16CC1A2300B927FC /* NSDictionary+FuncussionTest.m */ = {isa = PBXFileReference; fileEncoding = 4; lastKnownFileType = sourcecode.c.objc; path = "NSDictionary+FuncussionTest.m"; sourceTree = "<group>"; };
		AE63F438FD454E9097B3A1E1 /* Pods-integration.xcconfig */ = {isa = PBXFileReference; includeInIndex = 1; lastKnownFileType = text.xcconfig; name = "Pods-integration.xcconfig"; path = "Pods/Pods-integration.xcconfig"; sourceTree = SOURCE_ROOT; };
/* End PBXFileReference section */

/* Begin PBXFrameworksBuildPhase section */
		7CC94FDE16CC50FE009A9204 /* Frameworks */ = {
			isa = PBXFrameworksBuildPhase;
			buildActionMask = 2147483647;
			files = (
				7CC94FDF16CC50FE009A9204 /* QuartzCore.framework in Frameworks */,
				7CC94FE016CC50FE009A9204 /* UIKit.framework in Frameworks */,
				7CC94FE116CC50FE009A9204 /* Foundation.framework in Frameworks */,
				7CC94FE216CC50FE009A9204 /* CoreGraphics.framework in Frameworks */,
				806356280BAC4A38919D4AAF /* libPods-integration.a in Frameworks */,
			);
			runOnlyForDeploymentPostprocessing = 0;
		};
		7CD70EE016CBEEB800B927FC /* Frameworks */ = {
			isa = PBXFrameworksBuildPhase;
			buildActionMask = 2147483647;
			files = (
				7CD70EE716CBEEB800B927FC /* SenTestingKit.framework in Frameworks */,
				7CD70EE916CBEEB800B927FC /* UIKit.framework in Frameworks */,
				7CD70EEB16CBEEB800B927FC /* Foundation.framework in Frameworks */,
				773500042FAC43F78E823822 /* libPods.a in Frameworks */,
			);
			runOnlyForDeploymentPostprocessing = 0;
		};
		7CD70EFC16CBFA3400B927FC /* Frameworks */ = {
			isa = PBXFrameworksBuildPhase;
			buildActionMask = 2147483647;
			files = (
				7CD70F2116CC044A00B927FC /* QuartzCore.framework in Frameworks */,
				7CD70F0016CBFA3400B927FC /* UIKit.framework in Frameworks */,
				7CD70F0116CBFA3400B927FC /* Foundation.framework in Frameworks */,
				7CD70F0316CBFA3400B927FC /* CoreGraphics.framework in Frameworks */,
			);
			runOnlyForDeploymentPostprocessing = 0;
		};
/* End PBXFrameworksBuildPhase section */

/* Begin PBXGroup section */
		7CC94FED16CC5271009A9204 /* Integrations */ = {
			isa = PBXGroup;
			children = (
				7CC94FEE16CC529F009A9204 /* UpcaseTestController.h */,
				7CC94FEF16CC529F009A9204 /* UpcaseTestController.m */,
				7CC94FF116CD2150009A9204 /* KIFTestScenario+UpcaseTest.h */,
				7CC94FF216CD2150009A9204 /* KIFTestScenario+UpcaseTest.m */,
				7CC94FF416CD287B009A9204 /* KIFTestStep+VerifyText.h */,
				7CC94FF516CD287B009A9204 /* KIFTestStep+VerifyText.m */,
			);
			name = Integrations;
			sourceTree = "<group>";
		};
		7CD70EB716CACFAB00B927FC = {
			isa = PBXGroup;
			children = (
				7CC94FED16CC5271009A9204 /* Integrations */,
				7CD70EBE16CAD09200B927FC /* src */,
				7CD70EEC16CBEEB800B927FC /* test */,
				7CD70F0416CBFA3400B927FC /* RopeADope */,
				7CD70EE516CBEEB800B927FC /* Frameworks */,
				7CD70EF916CBEED700B927FC /* Products */,
				7CD70EFF16CBFA3400B927FC /* RopeADope.app */,
				2D9FFF0134AA4656838A5BD2 /* Pods.xcconfig */,
				7CC94FEB16CC50FE009A9204 /* RopeADope (integration).app */,
				7CC94FEC16CC50FE009A9204 /* RopeADope-Integration-Tests-Info.plist */,
				AE63F438FD454E9097B3A1E1 /* Pods-integration.xcconfig */,
			);
			sourceTree = "<group>";
		};
		7CD70EBE16CAD09200B927FC /* src */ = {
			isa = PBXGroup;
			children = (
				7CD70EBF16CAD09200B927FC /* NSArray+Funcussion.h */,
				7CD70EC016CAD09200B927FC /* NSArray+Funcussion.m */,
				7CD70F4816CC18FF00B927FC /* NSDictionary+Funcussion.h */,
				7CD70F4916CC18FF00B927FC /* NSDictionary+Funcussion.m */,
			);
			path = src;
			sourceTree = "<group>";
		};
		7CD70EE516CBEEB800B927FC /* Frameworks */ = {
			isa = PBXGroup;
			children = (
				7CD70EE616CBEEB800B927FC /* SenTestingKit.framework */,
				7CD70EE816CBEEB800B927FC /* UIKit.framework */,
				7CD70EEA16CBEEB800B927FC /* Foundation.framework */,
				7CD70F2016CC044A00B927FC /* QuartzCore.framework */,
				7CD70F0216CBFA3400B927FC /* CoreGraphics.framework */,
				6CC4742CD7E74B6786BDF984 /* libPods.a */,
				6320C9B4194E4FEFBD67C5E0 /* libPods-integration.a */,
			);
			name = Frameworks;
			sourceTree = "<group>";
		};
		7CD70EEC16CBEEB800B927FC /* test */ = {
			isa = PBXGroup;
			children = (
				7CD70EF316CBEEB800B927FC /* NSArrayFuncussionTest.m */,
				7CD70F4B16CC1A2300B927FC /* NSDictionary+FuncussionTest.m */,
				7CD70EED16CBEEB800B927FC /* Supporting Files */,
			);
			path = test;
			sourceTree = "<group>";
		};
		7CD70EED16CBEEB800B927FC /* Supporting Files */ = {
			isa = PBXGroup;
			children = (
				7CD70EEE16CBEEB800B927FC /* test-Info.plist */,
				7CD70EEF16CBEEB800B927FC /* InfoPlist.strings */,
				7CD70EF516CBEEB800B927FC /* test-Prefix.pch */,
			);
			name = "Supporting Files";
			sourceTree = "<group>";
		};
		7CD70EF916CBEED700B927FC /* Products */ = {
			isa = PBXGroup;
			children = (
				7CD70EE416CBEEB800B927FC /* test.octest */,
			);
			name = Products;
			sourceTree = "<group>";
		};
		7CD70F0416CBFA3400B927FC /* RopeADope */ = {
			isa = PBXGroup;
			children = (
				7CD70F0D16CBFA3400B927FC /* AppDelegate.h */,
				7CD70F0E16CBFA3400B927FC /* AppDelegate.m */,
				7CD70F1A16CBFB3800B927FC /* BaseController.h */,
				7CD70F1B16CBFB3800B927FC /* BaseController.m */,
				7CD70F1D16CBFC4200B927FC /* BaseView.h */,
				7CD70F1E16CBFC4200B927FC /* BaseView.m */,
				7CD70F0516CBFA3400B927FC /* Supporting Files */,
			);
			path = RopeADope;
			sourceTree = "<group>";
		};
		7CD70F0516CBFA3400B927FC /* Supporting Files */ = {
			isa = PBXGroup;
			children = (
				7CD70F0616CBFA3400B927FC /* RopeADope-Info.plist */,
				7CD70F0716CBFA3400B927FC /* InfoPlist.strings */,
				7CD70F0A16CBFA3400B927FC /* main.m */,
				7CD70F0C16CBFA3400B927FC /* RopeADope-Prefix.pch */,
				7CD70F1016CBFA3400B927FC /* Default.png */,
				7CD70F1216CBFA3400B927FC /* Default@2x.png */,
				7CD70F1416CBFA3400B927FC /* Default-568h@2x.png */,
			);
			name = "Supporting Files";
			sourceTree = "<group>";
		};
/* End PBXGroup section */

/* Begin PBXNativeTarget section */
		7CC94FD816CC50FE009A9204 /* integration */ = {
			isa = PBXNativeTarget;
			buildConfigurationList = 7CC94FE816CC50FE009A9204 /* Build configuration list for PBXNativeTarget "integration" */;
			buildPhases = (
				7CC94FD916CC50FE009A9204 /* Sources */,
				7CC94FDE16CC50FE009A9204 /* Frameworks */,
				7CC94FE316CC50FE009A9204 /* Resources */,
				437596B76AB9441BA1201C67 /* Copy Pods Resources */,
			);
			buildRules = (
			);
			dependencies = (
			);
			name = integration;
			productName = RopeADope;
			productReference = 7CC94FEB16CC50FE009A9204 /* RopeADope (integration).app */;
			productType = "com.apple.product-type.application";
		};
		7CD70EE316CBEEB800B927FC /* test */ = {
			isa = PBXNativeTarget;
			buildConfigurationList = 7CD70EF616CBEEB800B927FC /* Build configuration list for PBXNativeTarget "test" */;
			buildPhases = (
				7CD70EDF16CBEEB800B927FC /* Sources */,
				7CD70EE016CBEEB800B927FC /* Frameworks */,
				7CD70EE116CBEEB800B927FC /* Resources */,
				7CD70EE216CBEEB800B927FC /* ShellScript */,
				CAAE9EB077F8468D91560024 /* Copy Pods Resources */,
			);
			buildRules = (
			);
			dependencies = (
			);
			name = test;
			productName = test;
			productReference = 7CD70EE416CBEEB800B927FC /* test.octest */;
			productType = "com.apple.product-type.bundle";
		};
		7CD70EFE16CBFA3400B927FC /* RopeADope */ = {
			isa = PBXNativeTarget;
			buildConfigurationList = 7CD70F1616CBFA3400B927FC /* Build configuration list for PBXNativeTarget "RopeADope" */;
			buildPhases = (
				7CD70EFB16CBFA3400B927FC /* Sources */,
				7CD70EFC16CBFA3400B927FC /* Frameworks */,
				7CD70EFD16CBFA3400B927FC /* Resources */,
			);
			buildRules = (
			);
			dependencies = (
			);
			name = RopeADope;
			productName = RopeADope;
			productReference = 7CD70EFF16CBFA3400B927FC /* RopeADope.app */;
			productType = "com.apple.product-type.application";
		};
/* End PBXNativeTarget section */

/* Begin PBXProject section */
		7CD70EB816CACFAB00B927FC /* Project object */ = {
			isa = PBXProject;
			attributes = {
				LastUpgradeCheck = 0460;
			};
			buildConfigurationList = 7CD70EBB16CACFAB00B927FC /* Build configuration list for PBXProject "Beatdown" */;
			compatibilityVersion = "Xcode 3.2";
			developmentRegion = English;
			hasScannedForEncodings = 0;
			knownRegions = (
				en,
			);
			mainGroup = 7CD70EB716CACFAB00B927FC;
			productRefGroup = 7CD70EB716CACFAB00B927FC;
			projectDirPath = "";
			projectRoot = "";
			targets = (
				7CD70EE316CBEEB800B927FC /* test */,
				7CD70EFE16CBFA3400B927FC /* RopeADope */,
				7CC94FD816CC50FE009A9204 /* integration */,
			);
		};
/* End PBXProject section */

/* Begin PBXResourcesBuildPhase section */
		7CC94FE316CC50FE009A9204 /* Resources */ = {
			isa = PBXResourcesBuildPhase;
			buildActionMask = 2147483647;
			files = (
				7CC94FE416CC50FE009A9204 /* InfoPlist.strings in Resources */,
				7CC94FE516CC50FE009A9204 /* Default.png in Resources */,
				7CC94FE616CC50FE009A9204 /* Default@2x.png in Resources */,
				7CC94FE716CC50FE009A9204 /* Default-568h@2x.png in Resources */,
			);
			runOnlyForDeploymentPostprocessing = 0;
		};
		7CD70EE116CBEEB800B927FC /* Resources */ = {
			isa = PBXResourcesBuildPhase;
			buildActionMask = 2147483647;
			files = (
				7CD70EF116CBEEB800B927FC /* InfoPlist.strings in Resources */,
			);
			runOnlyForDeploymentPostprocessing = 0;
		};
		7CD70EFD16CBFA3400B927FC /* Resources */ = {
			isa = PBXResourcesBuildPhase;
			buildActionMask = 2147483647;
			files = (
				7CD70F0916CBFA3400B927FC /* InfoPlist.strings in Resources */,
				7CD70F1116CBFA3400B927FC /* Default.png in Resources */,
				7CD70F1316CBFA3400B927FC /* Default@2x.png in Resources */,
				7CD70F1516CBFA3400B927FC /* Default-568h@2x.png in Resources */,
			);
			runOnlyForDeploymentPostprocessing = 0;
		};
/* End PBXResourcesBuildPhase section */

/* Begin PBXShellScriptBuildPhase section */
		437596B76AB9441BA1201C67 /* Copy Pods Resources */ = {
			isa = PBXShellScriptBuildPhase;
			buildActionMask = 2147483647;
			files = (
			);
			inputPaths = (
			);
			name = "Copy Pods Resources";
			outputPaths = (
			);
			runOnlyForDeploymentPostprocessing = 0;
			shellPath = /bin/sh;
			shellScript = "\"${SRCROOT}/Pods/Pods-integration-resources.sh\"\n";
		};
		7CD70EE216CBEEB800B927FC /* ShellScript */ = {
			isa = PBXShellScriptBuildPhase;
			buildActionMask = 2147483647;
			files = (
			);
			inputPaths = (
			);
			outputPaths = (
			);
			runOnlyForDeploymentPostprocessing = 0;
			shellPath = /bin/sh;
			shellScript = "# Run the unit tests in this test bundle.\n\"${SYSTEM_DEVELOPER_DIR}/Tools/RunUnitTests\"\n";
		};
		CAAE9EB077F8468D91560024 /* Copy Pods Resources */ = {
			isa = PBXShellScriptBuildPhase;
			buildActionMask = 2147483647;
			files = (
			);
			inputPaths = (
			);
			name = "Copy Pods Resources";
			outputPaths = (
			);
			runOnlyForDeploymentPostprocessing = 0;
			shellPath = /bin/sh;
			shellScript = "\"${SRCROOT}/Pods/Pods-resources.sh\"\n";
		};
/* End PBXShellScriptBuildPhase section */

/* Begin PBXSourcesBuildPhase section */
		7CC94FD916CC50FE009A9204 /* Sources */ = {
			isa = PBXSourcesBuildPhase;
			buildActionMask = 2147483647;
			files = (
				7CC94FDA16CC50FE009A9204 /* main.m in Sources */,
				7CC94FDB16CC50FE009A9204 /* AppDelegate.m in Sources */,
				7CC94FDC16CC50FE009A9204 /* BaseController.m in Sources */,
				7CC94FDD16CC50FE009A9204 /* BaseView.m in Sources */,
				7CC94FF016CC529F009A9204 /* UpcaseTestController.m in Sources */,
				7CC94FF316CD2150009A9204 /* KIFTestScenario+UpcaseTest.m in Sources */,
				7CC94FF716CD287B009A9204 /* KIFTestStep+VerifyText.m in Sources */,
			);
			runOnlyForDeploymentPostprocessing = 0;
		};
		7CD70EDF16CBEEB800B927FC /* Sources */ = {
			isa = PBXSourcesBuildPhase;
			buildActionMask = 2147483647;
			files = (
				7CD70EF416CBEEB800B927FC /* NSArrayFuncussionTest.m in Sources */,
				7CD70EFA16CBEFF200B927FC /* NSArray+Funcussion.m in Sources */,
				7CD70F4A16CC18FF00B927FC /* NSDictionary+Funcussion.m in Sources */,
				7CD70F4E16CC1BEA00B927FC /* NSDictionary+FuncussionTest.m in Sources */,
			);
			runOnlyForDeploymentPostprocessing = 0;
		};
		7CD70EFB16CBFA3400B927FC /* Sources */ = {
			isa = PBXSourcesBuildPhase;
			buildActionMask = 2147483647;
			files = (
				7CD70F0B16CBFA3400B927FC /* main.m in Sources */,
				7CD70F0F16CBFA3400B927FC /* AppDelegate.m in Sources */,
				7CD70F1C16CBFB3900B927FC /* BaseController.m in Sources */,
				7CD70F1F16CBFC4200B927FC /* BaseView.m in Sources */,
			);
			runOnlyForDeploymentPostprocessing = 0;
		};
/* End PBXSourcesBuildPhase section */

/* Begin PBXVariantGroup section */
		7CD70EEF16CBEEB800B927FC /* InfoPlist.strings */ = {
			isa = PBXVariantGroup;
			children = (
				7CD70EF016CBEEB800B927FC /* en */,
			);
			name = InfoPlist.strings;
			sourceTree = "<group>";
		};
		7CD70F0716CBFA3400B927FC /* InfoPlist.strings */ = {
			isa = PBXVariantGroup;
			children = (
				7CD70F0816CBFA3400B927FC /* en */,
			);
			name = InfoPlist.strings;
			sourceTree = "<group>";
		};
/* End PBXVariantGroup section */

/* Begin XCBuildConfiguration section */
		7CC94FE916CC50FE009A9204 /* Debug */ = {
			isa = XCBuildConfiguration;
			baseConfigurationReference = AE63F438FD454E9097B3A1E1 /* Pods-integration.xcconfig */;
			buildSettings = {
				CLANG_CXX_LANGUAGE_STANDARD = "gnu++0x";
				CLANG_CXX_LIBRARY = "libc++";
				CLANG_ENABLE_OBJC_ARC = YES;
				CLANG_WARN_CONSTANT_CONVERSION = YES;
				CLANG_WARN_EMPTY_BODY = YES;
				CLANG_WARN_ENUM_CONVERSION = YES;
				CLANG_WARN_INT_CONVERSION = YES;
				CLANG_WARN__DUPLICATE_METHOD_MATCH = YES;
				"CODE_SIGN_IDENTITY[sdk=iphoneos*]" = "iPhone Developer";
				COPY_PHASE_STRIP = NO;
				FRAMEWORK_SEARCH_PATHS = (
					"$(inherited)",
					"\"$(SYSTEM_APPS_DIR)/Xcode.app/Contents/Developer/Library/Frameworks\"",
				);
				GCC_C_LANGUAGE_STANDARD = gnu99;
				GCC_DYNAMIC_NO_PIC = NO;
				GCC_OPTIMIZATION_LEVEL = 0;
				GCC_PRECOMPILE_PREFIX_HEADER = YES;
				GCC_PREFIX_HEADER = "RopeADope/RopeADope-Prefix.pch";
				GCC_PREPROCESSOR_DEFINITIONS = (
					"DEBUG=1",
					"$(inherited)",
				);
				GCC_SYMBOLS_PRIVATE_EXTERN = NO;
				GCC_WARN_ABOUT_RETURN_TYPE = YES;
				GCC_WARN_UNINITIALIZED_AUTOS = YES;
				GCC_WARN_UNUSED_VARIABLE = YES;
				INFOPLIST_FILE = "RopeADope-Integration-Info.plist";
				IPHONEOS_DEPLOYMENT_TARGET = 6.1;
				ONLY_ACTIVE_ARCH = YES;
				OTHER_LDFLAGS = (
					"$(inherited)",
					"-ObjC",
					"-all_load",
				);
				PRODUCT_NAME = "RopeADope (integration)";
				SDKROOT = iphoneos;
				TARGETED_DEVICE_FAMILY = "1,2";
				WRAPPER_EXTENSION = app;
			};
			name = Debug;
		};
		7CC94FEA16CC50FE009A9204 /* Release */ = {
			isa = XCBuildConfiguration;
			baseConfigurationReference = AE63F438FD454E9097B3A1E1 /* Pods-integration.xcconfig */;
			buildSettings = {
				CLANG_CXX_LANGUAGE_STANDARD = "gnu++0x";
				CLANG_CXX_LIBRARY = "libc++";
				CLANG_ENABLE_OBJC_ARC = YES;
				CLANG_WARN_CONSTANT_CONVERSION = YES;
				CLANG_WARN_EMPTY_BODY = YES;
				CLANG_WARN_ENUM_CONVERSION = YES;
				CLANG_WARN_INT_CONVERSION = YES;
				CLANG_WARN__DUPLICATE_METHOD_MATCH = YES;
				"CODE_SIGN_IDENTITY[sdk=iphoneos*]" = "iPhone Developer";
				COPY_PHASE_STRIP = YES;
				FRAMEWORK_SEARCH_PATHS = (
					"$(inherited)",
					"\"$(SYSTEM_APPS_DIR)/Xcode.app/Contents/Developer/Library/Frameworks\"",
				);
				GCC_C_LANGUAGE_STANDARD = gnu99;
				GCC_PRECOMPILE_PREFIX_HEADER = YES;
				GCC_PREFIX_HEADER = "RopeADope/RopeADope-Prefix.pch";
				GCC_WARN_ABOUT_RETURN_TYPE = YES;
				GCC_WARN_UNINITIALIZED_AUTOS = YES;
				GCC_WARN_UNUSED_VARIABLE = YES;
				INFOPLIST_FILE = "RopeADope-Integration-Info.plist";
				IPHONEOS_DEPLOYMENT_TARGET = 6.1;
				OTHER_CFLAGS = "-DNS_BLOCK_ASSERTIONS=1";
				OTHER_LDFLAGS = (
					"$(inherited)",
					"-ObjC",
					"-all_load",
				);
				PRODUCT_NAME = "RopeADope (integration)";
				SDKROOT = iphoneos;
				TARGETED_DEVICE_FAMILY = "1,2";
				VALIDATE_PRODUCT = YES;
				WRAPPER_EXTENSION = app;
			};
			name = Release;
		};
		7CD70EBC16CACFAB00B927FC /* Debug */ = {
			isa = XCBuildConfiguration;
			buildSettings = {
			};
			name = Debug;
		};
		7CD70EBD16CACFAB00B927FC /* Release */ = {
			isa = XCBuildConfiguration;
			buildSettings = {
			};
			name = Release;
		};
		7CD70EF716CBEEB800B927FC /* Debug */ = {
			isa = XCBuildConfiguration;
			baseConfigurationReference = 2D9FFF0134AA4656838A5BD2 /* Pods.xcconfig */;
			buildSettings = {
				ALWAYS_SEARCH_USER_PATHS = NO;
				CLANG_CXX_LANGUAGE_STANDARD = "gnu++0x";
				CLANG_CXX_LIBRARY = "libc++";
				CLANG_ENABLE_OBJC_ARC = YES;
				CLANG_WARN_CONSTANT_CONVERSION = YES;
				CLANG_WARN_EMPTY_BODY = YES;
				CLANG_WARN_ENUM_CONVERSION = YES;
				CLANG_WARN_INT_CONVERSION = YES;
				CLANG_WARN__DUPLICATE_METHOD_MATCH = YES;
				COPY_PHASE_STRIP = NO;
				FRAMEWORK_SEARCH_PATHS = (
					"\"$(SDKROOT)/Developer/Library/Frameworks\"",
					"\"$(DEVELOPER_LIBRARY_DIR)/Frameworks\"",
				);
				GCC_C_LANGUAGE_STANDARD = gnu99;
				GCC_DYNAMIC_NO_PIC = NO;
				GCC_OPTIMIZATION_LEVEL = 0;
				GCC_PRECOMPILE_PREFIX_HEADER = YES;
				GCC_PREFIX_HEADER = "test/test-Prefix.pch";
				GCC_PREPROCESSOR_DEFINITIONS = (
					"DEBUG=1",
					"$(inherited)",
				);
				GCC_SYMBOLS_PRIVATE_EXTERN = NO;
				GCC_WARN_ABOUT_RETURN_TYPE = YES;
				GCC_WARN_UNINITIALIZED_AUTOS = YES;
				GCC_WARN_UNUSED_VARIABLE = YES;
				INFOPLIST_FILE = "test/test-Info.plist";
				IPHONEOS_DEPLOYMENT_TARGET = 6.1;
				ONLY_ACTIVE_ARCH = YES;
				PRODUCT_NAME = "$(TARGET_NAME)";
				SDKROOT = iphoneos;
				WRAPPER_EXTENSION = octest;
			};
			name = Debug;
		};
		7CD70EF816CBEEB800B927FC /* Release */ = {
			isa = XCBuildConfiguration;
			baseConfigurationReference = 2D9FFF0134AA4656838A5BD2 /* Pods.xcconfig */;
			buildSettings = {
				ALWAYS_SEARCH_USER_PATHS = NO;
				CLANG_CXX_LANGUAGE_STANDARD = "gnu++0x";
				CLANG_CXX_LIBRARY = "libc++";
				CLANG_ENABLE_OBJC_ARC = YES;
				CLANG_WARN_CONSTANT_CONVERSION = YES;
				CLANG_WARN_EMPTY_BODY = YES;
				CLANG_WARN_ENUM_CONVERSION = YES;
				CLANG_WARN_INT_CONVERSION = YES;
				CLANG_WARN__DUPLICATE_METHOD_MATCH = YES;
				COPY_PHASE_STRIP = YES;
				FRAMEWORK_SEARCH_PATHS = (
					"\"$(SDKROOT)/Developer/Library/Frameworks\"",
					"\"$(DEVELOPER_LIBRARY_DIR)/Frameworks\"",
				);
				GCC_C_LANGUAGE_STANDARD = gnu99;
				GCC_PRECOMPILE_PREFIX_HEADER = YES;
				GCC_PREFIX_HEADER = "test/test-Prefix.pch";
				GCC_WARN_ABOUT_RETURN_TYPE = YES;
				GCC_WARN_UNINITIALIZED_AUTOS = YES;
				GCC_WARN_UNUSED_VARIABLE = YES;
				INFOPLIST_FILE = "test/test-Info.plist";
				IPHONEOS_DEPLOYMENT_TARGET = 6.1;
				PRODUCT_NAME = "$(TARGET_NAME)";
				SDKROOT = iphoneos;
				VALIDATE_PRODUCT = YES;
				WRAPPER_EXTENSION = octest;
			};
			name = Release;
		};
		7CD70F1716CBFA3400B927FC /* Debug */ = {
			isa = XCBuildConfiguration;
			buildSettings = {
				ALWAYS_SEARCH_USER_PATHS = NO;
				CLANG_CXX_LANGUAGE_STANDARD = "gnu++0x";
				CLANG_CXX_LIBRARY = "libc++";
				CLANG_ENABLE_OBJC_ARC = YES;
				CLANG_WARN_CONSTANT_CONVERSION = YES;
				CLANG_WARN_EMPTY_BODY = YES;
				CLANG_WARN_ENUM_CONVERSION = YES;
				CLANG_WARN_INT_CONVERSION = YES;
				CLANG_WARN__DUPLICATE_METHOD_MATCH = YES;
				"CODE_SIGN_IDENTITY[sdk=iphoneos*]" = "iPhone Developer";
				COPY_PHASE_STRIP = NO;
				FRAMEWORK_SEARCH_PATHS = (
					"$(inherited)",
					"\"$(SYSTEM_APPS_DIR)/Xcode.app/Contents/Developer/Library/Frameworks\"",
				);
				GCC_C_LANGUAGE_STANDARD = gnu99;
				GCC_DYNAMIC_NO_PIC = NO;
				GCC_OPTIMIZATION_LEVEL = 0;
				GCC_PRECOMPILE_PREFIX_HEADER = YES;
				GCC_PREFIX_HEADER = "RopeADope/RopeADope-Prefix.pch";
				GCC_PREPROCESSOR_DEFINITIONS = (
					"DEBUG=1",
					"$(inherited)",
				);
				GCC_SYMBOLS_PRIVATE_EXTERN = NO;
				GCC_WARN_ABOUT_RETURN_TYPE = YES;
				GCC_WARN_UNINITIALIZED_AUTOS = YES;
				GCC_WARN_UNUSED_VARIABLE = YES;
				INFOPLIST_FILE = "RopeADope/RopeADope-Info.plist";
				IPHONEOS_DEPLOYMENT_TARGET = 6.1;
				ONLY_ACTIVE_ARCH = YES;
				PRODUCT_NAME = "$(TARGET_NAME)";
				SDKROOT = iphoneos;
				TARGETED_DEVICE_FAMILY = "1,2";
				WRAPPER_EXTENSION = app;
			};
			name = Debug;
		};
		7CD70F1816CBFA3400B927FC /* Release */ = {
			isa = XCBuildConfiguration;
			buildSettings = {
				ALWAYS_SEARCH_USER_PATHS = NO;
				CLANG_CXX_LANGUAGE_STANDARD = "gnu++0x";
				CLANG_CXX_LIBRARY = "libc++";
				CLANG_ENABLE_OBJC_ARC = YES;
				CLANG_WARN_CONSTANT_CONVERSION = YES;
				CLANG_WARN_EMPTY_BODY = YES;
				CLANG_WARN_ENUM_CONVERSION = YES;
				CLANG_WARN_INT_CONVERSION = YES;
				CLANG_WARN__DUPLICATE_METHOD_MATCH = YES;
				"CODE_SIGN_IDENTITY[sdk=iphoneos*]" = "iPhone Developer";
				COPY_PHASE_STRIP = YES;
				FRAMEWORK_SEARCH_PATHS = (
					"$(inherited)",
					"\"$(SYSTEM_APPS_DIR)/Xcode.app/Contents/Developer/Library/Frameworks\"",
				);
				GCC_C_LANGUAGE_STANDARD = gnu99;
				GCC_PRECOMPILE_PREFIX_HEADER = YES;
				GCC_PREFIX_HEADER = "RopeADope/RopeADope-Prefix.pch";
				GCC_WARN_ABOUT_RETURN_TYPE = YES;
				GCC_WARN_UNINITIALIZED_AUTOS = YES;
				GCC_WARN_UNUSED_VARIABLE = YES;
				INFOPLIST_FILE = "RopeADope/RopeADope-Info.plist";
				IPHONEOS_DEPLOYMENT_TARGET = 6.1;
				OTHER_CFLAGS = "-DNS_BLOCK_ASSERTIONS=1";
				PRODUCT_NAME = "$(TARGET_NAME)";
				SDKROOT = iphoneos;
				TARGETED_DEVICE_FAMILY = "1,2";
				VALIDATE_PRODUCT = YES;
				WRAPPER_EXTENSION = app;
			};
			name = Release;
		};
/* End XCBuildConfiguration section */

/* Begin XCConfigurationList section */
		7CC94FE816CC50FE009A9204 /* Build configuration list for PBXNativeTarget "integration" */ = {
			isa = XCConfigurationList;
			buildConfigurations = (
				7CC94FE916CC50FE009A9204 /* Debug */,
				7CC94FEA16CC50FE009A9204 /* Release */,
			);
			defaultConfigurationIsVisible = 0;
			defaultConfigurationName = Release;
		};
		7CD70EBB16CACFAB00B927FC /* Build configuration list for PBXProject "Beatdown" */ = {
			isa = XCConfigurationList;
			buildConfigurations = (
				7CD70EBC16CACFAB00B927FC /* Debug */,
				7CD70EBD16CACFAB00B927FC /* Release */,
			);
			defaultConfigurationIsVisible = 0;
			defaultConfigurationName = Release;
		};
		7CD70EF616CBEEB800B927FC /* Build configuration list for PBXNativeTarget "test" */ = {
			isa = XCConfigurationList;
			buildConfigurations = (
				7CD70EF716CBEEB800B927FC /* Debug */,
				7CD70EF816CBEEB800B927FC /* Release */,
			);
			defaultConfigurationIsVisible = 0;
			defaultConfigurationName = Release;
		};
		7CD70F1616CBFA3400B927FC /* Build configuration list for PBXNativeTarget "RopeADope" */ = {
			isa = XCConfigurationList;
			buildConfigurations = (
				7CD70F1716CBFA3400B927FC /* Debug */,
				7CD70F1816CBFA3400B927FC /* Release */,
			);
			defaultConfigurationIsVisible = 0;
			defaultConfigurationName = Release;
		};
/* End XCConfigurationList section */
	};
	rootObject = 7CD70EB816CACFAB00B927FC /* Project object */;
}
